# This file is automatically @generated by Poetry 1.7.0 and should not be changed by hand.

[[package]]
name = "art"
version = "6.1"
description = "ASCII Art Library For Python"
optional = false
python-versions = ">=3.5"
files = [
    {file = "art-6.1-py3-none-any.whl", hash = "sha256:159819c418001467f8d79616fa0814277deac97c8a363d1eb3e7c0a31526bfc3"},
    {file = "art-6.1.tar.gz", hash = "sha256:6ab3031e3b7710039e73497b0e750cadfe04d4c1279ce3a123500dbafb9e1b64"},
]

[package.extras]
dev = ["bandit (>=1.5.1)", "coverage (>=4.1)", "pydocstyle (>=3.0.0)", "vulture (>=1.0)"]

[metadata]
lock-version = "2.0"
python-versions = "^3.9"
content-hash = "bff2158bd0b1e172d025b8b88eb8ee10ad3da544420f59618dd181adefad03da"
